
Microsoft Visual Studio Solution File, Format Version 12.00
# Visual Studio 15
VisualStudioVersion = 15.0.27130.2027
MinimumVisualStudioVersion = 10.0.40219.1
Project("{FAE04EC0-301F-11D3-BF4B-00C04F79EFBC}") = "NPOIExcelHelper", "NPOIExcelHelper\NPOIExcelHelper.csproj", "{C6DA3DD2-4A85-4B84-AF41-612F0D14331A}"
EndProject
Project("{FAE04EC0-301F-11D3-BF4B-00C04F79EFBC}") = "ExcelHelper", "ExcelHelper\ExcelHelper.csproj", "{04735A01-59FE-4D3C-9969-E225737CBCDC}"
EndProject
Global
	GlobalSection(SolutionConfigurationPlatforms) = preSolution
		Debug|Any CPU = Debug|Any CPU
		Release|Any CPU = Release|Any CPU
	EndGlobalSection
	GlobalSection(ProjectConfigurationPlatforms) = postSolution
		{C6DA3DD2-4A85-4B84-AF41-612F0D14331A}.Debug|Any CPU.ActiveCfg = Debug|Any CPU
		{C6DA3DD2-4A85-4B84-AF41-612F0D14331A}.Debug|Any CPU.Build.0 = Debug|Any CPU
		{C6DA3DD2-4A85-4B84-AF41-612F0D14331A}.Release|Any CPU.ActiveCfg = Release|Any CPU
		{C6DA3DD2-4A85-4B84-AF41-612F0D14331A}.Release|Any CPU.Build.0 = Release|Any CPU
		{04735A01-59FE-4D3C-9969-E225737CBCDC}.Debug|Any CPU.ActiveCfg = Debug|Any CPU
		{04735A01-59FE-4D3C-9969-E225737CBCDC}.Debug|Any CPU.Build.0 = Debug|Any CPU
		{04735A01-59FE-4D3C-9969-E225737CBCDC}.Release|Any CPU.ActiveCfg = Release|Any CPU
		{04735A01-59FE-4D3C-9969-E225737CBCDC}.Release|Any CPU.Build.0 = Release|Any CPU
	EndGlobalSection
	GlobalSection(SolutionProperties) = preSolution
		HideSolutionNode = FALSE
	EndGlobalSection
	GlobalSection(ExtensibilityGlobals) = postSolution
		SolutionGuid = {6348CDC1-A81B-489B-AE8B-2C60A38A36D0}
	EndGlobalSection
EndGlobal
